
Microsoft Visual Studio Solution File, Format Version 12.00
# Visual Studio Version 17
VisualStudioVersion = 17.6.33829.357
MinimumVisualStudioVersion = 10.0.40219.1
Project("{FAE04EC0-301F-11D3-BF4B-00C04F79EFBC}") = "SpotifyCrawler", "SpotifyCrawler\SpotifyCrawler.csproj", "{04B56E75-1255-49C1-99D8-A054FCC6F1F6}"
EndProject
Global
	GlobalSection(SolutionConfigurationPlatforms) = preSolution
		Debug|Any CPU = Debug|Any CPU
		Release|Any CPU = Release|Any CPU
	EndGlobalSection
	GlobalSection(ProjectConfigurationPlatforms) = postSolution
		{04B56E75-1255-49C1-99D8-A054FCC6F1F6}.Debug|Any CPU.ActiveCfg = Debug|Any CPU
		{04B56E75-1255-49C1-99D8-A054FCC6F1F6}.Debug|Any CPU.Build.0 = Debug|Any CPU
		{04B56E75-1255-49C1-99D8-A054FCC6F1F6}.Release|Any CPU.ActiveCfg = Release|Any CPU
		{04B56E75-1255-49C1-99D8-A054FCC6F1F6}.Release|Any CPU.Build.0 = Release|Any CPU
	EndGlobalSection
	GlobalSection(SolutionProperties) = preSolution
		HideSolutionNode = FALSE
	EndGlobalSection
	GlobalSection(ExtensibilityGlobals) = postSolution
		SolutionGuid = {F8FE2880-4BFB-455D-99DB-AA49E0876BC6}
	EndGlobalSection
EndGlobal
